
Microsoft Visual Studio Solution File, Format Version 12.00
# Visual Studio 15
VisualStudioVersion = 15.0.28307.168
MinimumVisualStudioVersion = 10.0.40219.1
Project("{FAE04EC0-301F-11D3-BF4B-00C04F79EFBC}") = "TeamPowered", "TeamPowered\TeamPowered.csproj", "{7C811BC6-79AA-4AC1-8383-DB4ED9B4F7A9}"
EndProject
Global
	GlobalSection(SolutionConfigurationPlatforms) = preSolution
		Debug|Any CPU = Debug|Any CPU
		Release|Any CPU = Release|Any CPU
	EndGlobalSection
	GlobalSection(ProjectConfigurationPlatforms) = postSolution
		{7C811BC6-79AA-4AC1-8383-DB4ED9B4F7A9}.Debug|Any CPU.ActiveCfg = Debug|Any CPU
		{7C811BC6-79AA-4AC1-8383-DB4ED9B4F7A9}.Debug|Any CPU.Build.0 = Debug|Any CPU
		{7C811BC6-79AA-4AC1-8383-DB4ED9B4F7A9}.Release|Any CPU.ActiveCfg = Release|Any CPU
		{7C811BC6-79AA-4AC1-8383-DB4ED9B4F7A9}.Release|Any CPU.Build.0 = Release|Any CPU
	EndGlobalSection
	GlobalSection(SolutionProperties) = preSolution
		HideSolutionNode = FALSE
	EndGlobalSection
	GlobalSection(ExtensibilityGlobals) = postSolution
		SolutionGuid = {9B1D353D-E4C6-46BB-BDCB-456A50CD5931}
	EndGlobalSection
EndGlobal
